
Microsoft Visual Studio Solution File, Format Version 12.00
# Visual Studio 15
VisualStudioVersion = 15.0.28307.1622
MinimumVisualStudioVersion = 10.0.40219.1
Project("{8BC9CEB8-8B4A-11D0-8D11-00A0C91BC942}") = "zadatak2", "zadatak2\zadatak2.vcxproj", "{94118321-1476-4685-913F-A32871166F87}"
EndProject
Global
	GlobalSection(SolutionConfigurationPlatforms) = preSolution
		Debug|x64 = Debug|x64
		Debug|x86 = Debug|x86
		Release|x64 = Release|x64
		Release|x86 = Release|x86
	EndGlobalSection
	GlobalSection(ProjectConfigurationPlatforms) = postSolution
		{94118321-1476-4685-913F-A32871166F87}.Debug|x64.ActiveCfg = Debug|x64
		{94118321-1476-4685-913F-A32871166F87}.Debug|x64.Build.0 = Debug|x64
		{94118321-1476-4685-913F-A32871166F87}.Debug|x86.ActiveCfg = Debug|Win32
		{94118321-1476-4685-913F-A32871166F87}.Debug|x86.Build.0 = Debug|Win32
		{94118321-1476-4685-913F-A32871166F87}.Release|x64.ActiveCfg = Release|x64
		{94118321-1476-4685-913F-A32871166F87}.Release|x64.Build.0 = Release|x64
		{94118321-1476-4685-913F-A32871166F87}.Release|x86.ActiveCfg = Release|Win32
		{94118321-1476-4685-913F-A32871166F87}.Release|x86.Build.0 = Release|Win32
	EndGlobalSection
	GlobalSection(SolutionProperties) = preSolution
		HideSolutionNode = FALSE
	EndGlobalSection
	GlobalSection(ExtensibilityGlobals) = postSolution
		SolutionGuid = {FA250356-49F4-4933-A854-0B91B188221B}
	EndGlobalSection
EndGlobal
